{
  "nodes": {
    "nixpkgs": {
      "locked": {
        "lastModified": 1601906239,
        "narHash": "sha256-P1jBYbYeFswig/0FKbgh+BpVhh9iurD3m0T2ae4gdx8=",
        "owner": "NixOS",
        "repo": "nixpkgs",
        "rev": "c2bb4af48d26ed091e5674394bacbf8d488c7939",
        "type": "github"
      },
      "original": {
        "id": "nixpkgs",
        "type": "indirect"
      }
    },
    "root": {
      "inputs": {
        "nixpkgs": "nixpkgs"
      }
    }
  },
  "root": "root",
  "version": 7
}
